
Microsoft Visual Studio Solution File, Format Version 12.00
# Visual Studio 14
VisualStudioVersion = 14.0.23107.0
MinimumVisualStudioVersion = 10.0.40219.1
Project("{FAE04EC0-301F-11D3-BF4B-00C04F79EFBC}") = "WFA_MultiselectTransform", "WFA_MultiselectTransform\WFA_MultiselectTransform.csproj", "{07085DD7-45EB-43EC-B587-227687EECCE1}"
EndProject
Project("{FAE04EC0-301F-11D3-BF4B-00C04F79EFBC}") = "WFA_MultiselectTransform_Demo", "WFA_MultiselectTransform_Demo\WFA_MultiselectTransform_Demo.csproj", "{CBF5B239-4908-4EA8-B570-501CB38FBE91}"
EndProject
Global
	GlobalSection(SolutionConfigurationPlatforms) = preSolution
		Debug|Any CPU = Debug|Any CPU
		Release|Any CPU = Release|Any CPU
	EndGlobalSection
	GlobalSection(ProjectConfigurationPlatforms) = postSolution
		{07085DD7-45EB-43EC-B587-227687EECCE1}.Debug|Any CPU.ActiveCfg = Debug|Any CPU
		{07085DD7-45EB-43EC-B587-227687EECCE1}.Debug|Any CPU.Build.0 = Debug|Any CPU
		{07085DD7-45EB-43EC-B587-227687EECCE1}.Release|Any CPU.ActiveCfg = Release|Any CPU
		{07085DD7-45EB-43EC-B587-227687EECCE1}.Release|Any CPU.Build.0 = Release|Any CPU
		{CBF5B239-4908-4EA8-B570-501CB38FBE91}.Debug|Any CPU.ActiveCfg = Debug|Any CPU
		{CBF5B239-4908-4EA8-B570-501CB38FBE91}.Debug|Any CPU.Build.0 = Debug|Any CPU
		{CBF5B239-4908-4EA8-B570-501CB38FBE91}.Release|Any CPU.ActiveCfg = Release|Any CPU
		{CBF5B239-4908-4EA8-B570-501CB38FBE91}.Release|Any CPU.Build.0 = Release|Any CPU
	EndGlobalSection
	GlobalSection(SolutionProperties) = preSolution
		HideSolutionNode = FALSE
	EndGlobalSection
EndGlobal
